github.com/relax-space/gomod4a v1.1.0 h1:3pfMkFVGsqahJ3VOyAGiOettrDhX2pAUJRHZawVbQvw=
github.com/relax-space/gomod4a v1.1.0/go.mod h1:VaESaDFR/RNc12dIoGDc0W2TUPpqdjjVLAJRk4bWeiQ=
github.com/relax-space/gomod4a/v2 v2.1.0 h1:spm92dZQdYTo5rjXllic0tuqXOwYEX/x1C0uksyTgwc=
github.com/relax-space/gomod4a/v2 v2.1.0/go.mod h1:S5dHaz6oCTpprikpwcbye+UvwHqZpQBmisgoEJ/TibI=
